
Microsoft Visual Studio Solution File, Format Version 12.00
# Visual Studio Version 16
VisualStudioVersion = 16.0.29806.167
MinimumVisualStudioVersion = 10.0.40219.1
Project("{FAE04EC0-301F-11D3-BF4B-00C04F79EFBC}") = "CRMGURU_TEST", "CRMGURU_TEST\CRMGURU_TEST.csproj", "{0AA316CB-8AD0-4F4A-ABE6-F0617AA74A90}"
EndProject
Global
	GlobalSection(SolutionConfigurationPlatforms) = preSolution
		Debug|Any CPU = Debug|Any CPU
		Release|Any CPU = Release|Any CPU
	EndGlobalSection
	GlobalSection(ProjectConfigurationPlatforms) = postSolution
		{0AA316CB-8AD0-4F4A-ABE6-F0617AA74A90}.Debug|Any CPU.ActiveCfg = Debug|Any CPU
		{0AA316CB-8AD0-4F4A-ABE6-F0617AA74A90}.Debug|Any CPU.Build.0 = Debug|Any CPU
		{0AA316CB-8AD0-4F4A-ABE6-F0617AA74A90}.Release|Any CPU.ActiveCfg = Release|Any CPU
		{0AA316CB-8AD0-4F4A-ABE6-F0617AA74A90}.Release|Any CPU.Build.0 = Release|Any CPU
	EndGlobalSection
	GlobalSection(SolutionProperties) = preSolution
		HideSolutionNode = FALSE
	EndGlobalSection
	GlobalSection(ExtensibilityGlobals) = postSolution
		SolutionGuid = {E21BBE43-C606-4F0F-862F-EFF2C7EB6EAC}
	EndGlobalSection
EndGlobal
